Microsoft Visual Studio Solution File, Format Version 12.00
# Visual Studio Version 17
VisualStudioVersion = 17.5.2.0
MinimumVisualStudioVersion = 10.0.40219.1
Project("{FAE04EC0-301F-11D3-BF4B-00C04F79EFBC}") = "HelloK8s", "HelloK8s.csproj", "{3501A0A2-B6AC-D67C-5D46-69789A8DAFFD}"
EndProject
Global
	GlobalSection(SolutionConfigurationPlatforms) = preSolution
		Debug|Any CPU = Debug|Any CPU
		Release|Any CPU = Release|Any CPU
	EndGlobalSection
	GlobalSection(ProjectConfigurationPlatforms) = postSolution
		{3501A0A2-B6AC-D67C-5D46-69789A8DAFFD}.Debug|Any CPU.ActiveCfg = Debug|Any CPU
		{3501A0A2-B6AC-D67C-5D46-69789A8DAFFD}.Debug|Any CPU.Build.0 = Debug|Any CPU
		{3501A0A2-B6AC-D67C-5D46-69789A8DAFFD}.Release|Any CPU.ActiveCfg = Release|Any CPU
		{3501A0A2-B6AC-D67C-5D46-69789A8DAFFD}.Release|Any CPU.Build.0 = Release|Any CPU
	EndGlobalSection
	GlobalSection(SolutionProperties) = preSolution
		HideSolutionNode = FALSE
	EndGlobalSection
	GlobalSection(ExtensibilityGlobals) = postSolution
		SolutionGuid = {298A562C-22E5-40DB-BE13-36053DF54459}
	EndGlobalSection
EndGlobal
